// !$*UTF8*$!
{
	archiveVersion = 1;
	classes = {
	};
	objectVersion = 46;
	objects = {

/* Begin PBXBuildFile section */
		2115390D07FE637F79C648DA /* Pods_TDT_project.framework in Frameworks */ = {isa = PBXBuildFile; fileRef = 809B26A98B43F0D86F89BEF8 /* Pods_TDT_project.framework */; };
		4B4F452F1F32230C00A6FF96 /* AppDelegate.swift in Sources */ = {isa = PBXBuildFile; fileRef = 4B4F452E1F32230C00A6FF96 /* AppDelegate.swift */; };
		4B4F45381F32230C00A6FF96 /* Assets.xcassets in Resources */ = {isa = PBXBuildFile; fileRef = 4B4F45371F32230C00A6FF96 /* Assets.xcassets */; };
		4BAEE48621272C4F0045AB10 /* OnboardingController.swift in Sources */ = {isa = PBXBuildFile; fileRef = 4BAEE47D21272C4F0045AB10 /* OnboardingController.swift */; };
		4BAEE48721272C4F0045AB10 /* OnboardingContainerView.swift in Sources */ = {isa = PBXBuildFile; fileRef = 4BAEE47E21272C4F0045AB10 /* OnboardingContainerView.swift */; };
		E0477EDB245B518000632AA9 /* ContactsDetailController.swift in Sources */ = {isa = PBXBuildFile; fileRef = E0477ED9245B517F00632AA9 /* ContactsDetailController.swift */; };
		E0477EDC245B518000632AA9 /* ContactsController+SearchHandlers.swift in Sources */ = {isa = PBXBuildFile; fileRef = E0477EDA245B518000632AA9 /* ContactsController+SearchHandlers.swift */; };
		E0477EE5245B51A500632AA9 /* FalconUsersTableViewCell.swift in Sources */ = {isa = PBXBuildFile; fileRef = E0477EDE245B51A500632AA9 /* FalconUsersTableViewCell.swift */; };
		E0477EE6245B51A500632AA9 /* ContactsTableViewCell.swift in Sources */ = {isa = PBXBuildFile; fileRef = E0477EDF245B51A500632AA9 /* ContactsTableViewCell.swift */; };
		E0477EE7245B51A500632AA9 /* CurrentUserTableViewCell.swift in Sources */ = {isa = PBXBuildFile; fileRef = E0477EE0245B51A500632AA9 /* CurrentUserTableViewCell.swift */; };
		E0477EE8245B51A500632AA9 /* ContactsFetcher.swift in Sources */ = {isa = PBXBuildFile; fileRef = E0477EE2245B51A500632AA9 /* ContactsFetcher.swift */; };
		E0477EE9245B51A500632AA9 /* FalconUsersFetcher.swift in Sources */ = {isa = PBXBuildFile; fileRef = E0477EE3245B51A500632AA9 /* FalconUsersFetcher.swift */; };
		E0477EEA245B51A500632AA9 /* ViewPlaceholder.swift in Sources */ = {isa = PBXBuildFile; fileRef = E0477EE4245B51A500632AA9 /* ViewPlaceholder.swift */; };
		E0477EF0245B545E00632AA9 /* Conversation.swift in Sources */ = {isa = PBXBuildFile; fileRef = E0477EEC245B545E00632AA9 /* Conversation.swift */; };
		E0477EF1245B545E00632AA9 /* Message.swift in Sources */ = {isa = PBXBuildFile; fileRef = E0477EED245B545E00632AA9 /* Message.swift */; };
		E0477EF2245B545E00632AA9 /* User.swift in Sources */ = {isa = PBXBuildFile; fileRef = E0477EEE245B545E00632AA9 /* User.swift */; };
		E0477EF3245B545E00632AA9 /* MediaObject.swift in Sources */ = {isa = PBXBuildFile; fileRef = E0477EEF245B545E00632AA9 /* MediaObject.swift */; };
		E04E67FC23FFE30B008CB5F4 /* GoogleService-Info.plist in Resources */ = {isa = PBXBuildFile; fileRef = E04E67FB23FFE30B008CB5F4 /* GoogleService-Info.plist */; };
		E095ADF023FE826C0068A4AA /* GeneralTabBarController.swift in Sources */ = {isa = PBXBuildFile; fileRef = E095ADEF23FE826B0068A4AA /* GeneralTabBarController.swift */; };
		E097347A2430DE12001D64B5 /* LaunchScreen.storyboard in Resources */ = {isa = PBXBuildFile; fileRef = E09734792430DE12001D64B5 /* LaunchScreen.storyboard */; };
		E097347C2430DE3E001D64B5 /* SplashScreenContainer.swift in Sources */ = {isa = PBXBuildFile; fileRef = E097347B2430DE3E001D64B5 /* SplashScreenContainer.swift */; };
		E09B2CB32449D5830051F39F /* ThemeManager.swift in Sources */ = {isa = PBXBuildFile; fileRef = E09B2CB22449D5830051F39F /* ThemeManager.swift */; };
		E0A9A6592418E5B300235774 /* AuthPhoneNumberController.swift in Sources */ = {isa = PBXBuildFile; fileRef = E0A9A6582418E5B300235774 /* AuthPhoneNumberController.swift */; };
		E0A9A65B2418E5CF00235774 /* AuthVerificationController.swift in Sources */ = {isa = PBXBuildFile; fileRef = E0A9A65A2418E5CF00235774 /* AuthVerificationController.swift */; };
		E0A9A6642418E61900235774 /* UserProfileContainerView.swift in Sources */ = {isa = PBXBuildFile; fileRef = E0A9A65F2418E61900235774 /* UserProfileContainerView.swift */; };
		E0A9A6652418E61900235774 /* UserProfileDataDatabaseUpdater.swift in Sources */ = {isa = PBXBuildFile; fileRef = E0A9A6602418E61900235774 /* UserProfileDataDatabaseUpdater.swift */; };
		E0A9A6662418E61900235774 /* UserProfileController+keyboardHandlers.swift in Sources */ = {isa = PBXBuildFile; fileRef = E0A9A6612418E61900235774 /* UserProfileController+keyboardHandlers.swift */; };
		E0A9A6672418E61900235774 /* UserProfileController.swift in Sources */ = {isa = PBXBuildFile; fileRef = E0A9A6622418E61900235774 /* UserProfileController.swift */; };
		E0A9A6682418E61900235774 /* UserProfileAvatarOpenerDelegate.swift in Sources */ = {isa = PBXBuildFile; fileRef = E0A9A6632418E61900235774 /* UserProfileAvatarOpenerDelegate.swift */; };
		E0A9A6D22418ECB800235774 /* UIView+Extensions.swift in Sources */ = {isa = PBXBuildFile; fileRef = E0A9A6882418ECB800235774 /* UIView+Extensions.swift */; };
		E0A9A6D32418ECB800235774 /* AnnouncementShowing.swift in Sources */ = {isa = PBXBuildFile; fileRef = E0A9A6892418ECB800235774 /* AnnouncementShowing.swift */; };
		E0A9A6D42418ECB800235774 /* Announcement.swift in Sources */ = {isa = PBXBuildFile; fileRef = E0A9A68A2418ECB800235774 /* Announcement.swift */; };
		E0A9A6D52418ECB800235774 /* AnnouncementFactory.swift in Sources */ = {isa = PBXBuildFile; fileRef = E0A9A68B2418ECB800235774 /* AnnouncementFactory.swift */; };
		E0A9A6D62418ECB800235774 /* CameraOverlayView.swift in Sources */ = {isa = PBXBuildFile; fileRef = E0A9A68E2418ECB800235774 /* CameraOverlayView.swift */; };
		E0A9A6D72418ECB800235774 /* ActionCell.swift in Sources */ = {isa = PBXBuildFile; fileRef = E0A9A68F2418ECB800235774 /* ActionCell.swift */; };
		E0A9A6D82418ECB800235774 /* CameraCell.swift in Sources */ = {isa = PBXBuildFile; fileRef = E0A9A6902418ECB800235774 /* CameraCell.swift */; };
		E0A9A6D92418ECB800235774 /* ImageCell.swift in Sources */ = {isa = PBXBuildFile; fileRef = E0A9A6912418ECB800235774 /* ImageCell.swift */; };
		E0A9A6DA2418ECB800235774 /* AnimationController.swift in Sources */ = {isa = PBXBuildFile; fileRef = E0A9A6922418ECB800235774 /* AnimationController.swift */; };
		E0A9A6DB2418ECB800235774 /* ImagePickerAction.swift in Sources */ = {isa = PBXBuildFile; fileRef = E0A9A6932418ECB800235774 /* ImagePickerAction.swift */; };
		E0A9A6DC2418ECB800235774 /* TransitionController.swift in Sources */ = {isa = PBXBuildFile; fileRef = E0A9A6952418ECB800235774 /* TransitionController.swift */; };
		E0A9A6DD2418ECB800235774 /* UIEdgeInsetsExtensions.swift in Sources */ = {isa = PBXBuildFile; fileRef = E0A9A6972418ECB800235774 /* UIEdgeInsetsExtensions.swift */; };
		E0A9A6DE2418ECB800235774 /* UIImageExtensions.swift in Sources */ = {isa = PBXBuildFile; fileRef = E0A9A6982418ECB800235774 /* UIImageExtensions.swift */; };
		E0A9A6DF2418ECB800235774 /* ImagePickerTrayController.swift in Sources */ = {isa = PBXBuildFile; fileRef = E0A9A6992418ECB800235774 /* ImagePickerTrayController.swift */; };
		E0A9A6E02418ECB800235774 /* Public.swift in Sources */ = {isa = PBXBuildFile; fileRef = E0A9A69B2418ECB800235774 /* Public.swift */; };
		E0A9A6E22418ECB800235774 /* EnterVerificationContainerView+timerHandlers.swift in Sources */ = {isa = PBXBuildFile; fileRef = E0A9A6A02418ECB800235774 /* EnterVerificationContainerView+timerHandlers.swift */; };
		E0A9A6E32418ECB800235774 /* EnterVerificationCodeController.swift in Sources */ = {isa = PBXBuildFile; fileRef = E0A9A6A12418ECB800235774 /* EnterVerificationCodeController.swift */; };
		E0A9A6E42418ECB800235774 /* EnterVerificationContainerView.swift in Sources */ = {isa = PBXBuildFile; fileRef = E0A9A6A22418ECB800235774 /* EnterVerificationContainerView.swift */; };
		E0A9A6E52418ECB800235774 /* SelectCountryCodeController.swift in Sources */ = {isa = PBXBuildFile; fileRef = E0A9A6A42418ECB800235774 /* SelectCountryCodeController.swift */; };
		E0A9A6E62418ECB800235774 /* EnterPhoneNumberController.swift in Sources */ = {isa = PBXBuildFile; fileRef = E0A9A6A52418ECB800235774 /* EnterPhoneNumberController.swift */; };
		E0A9A6E72418ECB800235774 /* EnterPhoneNumberContainerView.swift in Sources */ = {isa = PBXBuildFile; fileRef = E0A9A6A62418ECB800235774 /* EnterPhoneNumberContainerView.swift */; };
		E0A9A6E82418ECB800235774 /* Country.swift in Sources */ = {isa = PBXBuildFile; fileRef = E0A9A6A82418ECB800235774 /* Country.swift */; };
		E0A9A6E92418ECB800235774 /* CallingCodes.plist in Resources */ = {isa = PBXBuildFile; fileRef = E0A9A6A92418ECB800235774 /* CallingCodes.plist */; };
		E0A9A6ED2418ECB800235774 /* RevealableCollectionViewCell.swift in Sources */ = {isa = PBXBuildFile; fileRef = E0A9A6AF2418ECB800235774 /* RevealableCollectionViewCell.swift */; };
		E0A9A6EE2418ECB800235774 /* RevealableView.swift in Sources */ = {isa = PBXBuildFile; fileRef = E0A9A6B02418ECB800235774 /* RevealableView.swift */; };
		E0A9A6EF2418ECB800235774 /* UICollectionView+Extension.swift in Sources */ = {isa = PBXBuildFile; fileRef = E0A9A6B12418ECB800235774 /* UICollectionView+Extension.swift */; };
		E0A9A6F02418ECB800235774 /* UserDefaultsManager.swift in Sources */ = {isa = PBXBuildFile; fileRef = E0A9A6B32418ECB800235774 /* UserDefaultsManager.swift */; };
		E0A9A6F22418ECB800235774 /* CenteredCollectionViewFlowLayout.swift in Sources */ = {isa = PBXBuildFile; fileRef = E0A9A6B72418ECB800235774 /* CenteredCollectionViewFlowLayout.swift */; };
		E0A9A6F42418ECB800235774 /* AvatarOpener.swift in Sources */ = {isa = PBXBuildFile; fileRef = E0A9A6BB2418ECB800235774 /* AvatarOpener.swift */; };
		E0A9A6F52418ECB800235774 /* AvatarOpenerOverlay.swift in Sources */ = {isa = PBXBuildFile; fileRef = E0A9A6BC2418ECB800235774 /* AvatarOpenerOverlay.swift */; };
		E0A9A7012418F41D00235774 /* INSPhotosDataSource.swift in Sources */ = {isa = PBXBuildFile; fileRef = E0A9A6F72418F41D00235774 /* INSPhotosDataSource.swift */; };
		E0A9A7022418F41D00235774 /* INSPhotosViewController.swift in Sources */ = {isa = PBXBuildFile; fileRef = E0A9A6F82418F41D00235774 /* INSPhotosViewController.swift */; };
		E0A9A7032418F41D00235774 /* INSPhotosTransitionAnimator.swift in Sources */ = {isa = PBXBuildFile; fileRef = E0A9A6F92418F41D00235774 /* INSPhotosTransitionAnimator.swift */; };
		E0A9A7042418F41D00235774 /* INSPhotosInteractionAnimator.swift in Sources */ = {isa = PBXBuildFile; fileRef = E0A9A6FA2418F41D00235774 /* INSPhotosInteractionAnimator.swift */; };
		E0A9A7052418F41D00235774 /* INSPhotoGallery.bundle in Resources */ = {isa = PBXBuildFile; fileRef = E0A9A6FB2418F41D00235774 /* INSPhotoGallery.bundle */; };
		E0A9A7062418F41D00235774 /* INSScalingImageView.swift in Sources */ = {isa = PBXBuildFile; fileRef = E0A9A6FC2418F41D00235774 /* INSScalingImageView.swift */; };
		E0A9A7072418F41D00235774 /* INSPhotosOverlayView.swift in Sources */ = {isa = PBXBuildFile; fileRef = E0A9A6FD2418F41D00235774 /* INSPhotosOverlayView.swift */; };
		E0A9A7082418F41D00235774 /* INSPhotoViewController.swift in Sources */ = {isa = PBXBuildFile; fileRef = E0A9A6FE2418F41D00235774 /* INSPhotoViewController.swift */; };
		E0A9A7092418F41D00235774 /* INSPhoto.swift in Sources */ = {isa = PBXBuildFile; fileRef = E0A9A6FF2418F41D00235774 /* INSPhoto.swift */; };
		E0A9A70A2418F41D00235774 /* UIVIew+INSPhotoViewer.swift in Sources */ = {isa = PBXBuildFile; fileRef = E0A9A7002418F41D00235774 /* UIVIew+INSPhotoViewer.swift */; };
		E0E71A46245826F7004922F6 /* SplashScreenContainer+BiometricalControl.swift in Sources */ = {isa = PBXBuildFile; fileRef = E0E71A45245826F7004922F6 /* SplashScreenContainer+BiometricalControl.swift */; };
		E0E71A5324585755004922F6 /* ContactsController.swift in Sources */ = {isa = PBXBuildFile; fileRef = E0E71A5224585755004922F6 /* ContactsController.swift */; };
		E0E71A5724585826004922F6 /* ChatsTableViewController.swift in Sources */ = {isa = PBXBuildFile; fileRef = E0E71A5624585826004922F6 /* ChatsTableViewController.swift */; };
		E0E71A5924585887004922F6 /* AccountSettingsController.swift in Sources */ = {isa = PBXBuildFile; fileRef = E0E71A5824585887004922F6 /* AccountSettingsController.swift */; };
/* End PBXBuildFile section */

/* Begin PBXCopyFilesBuildPhase section */
		4B9AF38E1F3B9B6E00A3934D /* Embed App Extensions */ = {
			isa = PBXCopyFilesBuildPhase;
			buildActionMask = 2147483647;
			dstPath = "";
			dstSubfolderSpec = 13;
			files = (
			);
			name = "Embed App Extensions";
			runOnlyForDeploymentPostprocessing = 0;
		};
/* End PBXCopyFilesBuildPhase section */

/* Begin PBXFileReference section */
		4B4F452B1F32230C00A6FF96 /* TDT.app */ = {isa = PBXFileReference; explicitFileType = wrapper.application; includeInIndex = 0; path = TDT.app; sourceTree = BUILT_PRODUCTS_DIR; };
		4B4F452E1F32230C00A6FF96 /* AppDelegate.swift */ = {isa = PBXFileReference; lastKnownFileType = sourcecode.swift; path = AppDelegate.swift; sourceTree = "<group>"; };
		4B4F45371F32230C00A6FF96 /* Assets.xcassets */ = {isa = PBXFileReference; lastKnownFileType = folder.assetcatalog; path = Assets.xcassets; sourceTree = "<group>"; };
		4B4F453C1F32230C00A6FF96 /* Info.plist */ = {isa = PBXFileReference; lastKnownFileType = text.plist.xml; path = Info.plist; sourceTree = "<group>"; };
		4BAEE47D21272C4F0045AB10 /* OnboardingController.swift */ = {isa = PBXFileReference; fileEncoding = 4; lastKnownFileType = sourcecode.swift; path = OnboardingController.swift; sourceTree = "<group>"; };
		4BAEE47E21272C4F0045AB10 /* OnboardingContainerView.swift */ = {isa = PBXFileReference; fileEncoding = 4; lastKnownFileType = sourcecode.swift; path = OnboardingContainerView.swift; sourceTree = "<group>"; };
		4BE9F1DE219B457C00C6768F /* TDT-project.entitlements */ = {isa = PBXFileReference; lastKnownFileType = text.plist.entitlements; path = "TDT-project.entitlements"; sourceTree = "<group>"; };
		809B26A98B43F0D86F89BEF8 /* Pods_TDT_project.framework */ = {isa = PBXFileReference; explicitFileType = wrapper.framework; includeInIndex = 0; path = Pods_TDT_project.framework; sourceTree = BUILT_PRODUCTS_DIR; };
		A254D4D6ED95219C8036E043 /* Pods-TDT-project.release.xcconfig */ = {isa = PBXFileReference; includeInIndex = 1; lastKnownFileType = text.xcconfig; name = "Pods-TDT-project.release.xcconfig"; path = "Target Support Files/Pods-TDT-project/Pods-TDT-project.release.xcconfig"; sourceTree = "<group>"; };
		A7E91611BD823692429B49F2 /* Pods-TDT-project.debug.xcconfig */ = {isa = PBXFileReference; includeInIndex = 1; lastKnownFileType = text.xcconfig; name = "Pods-TDT-project.debug.xcconfig"; path = "Target Support Files/Pods-TDT-project/Pods-TDT-project.debug.xcconfig"; sourceTree = "<group>"; };
		E0477ED9245B517F00632AA9 /* ContactsDetailController.swift */ = {isa = PBXFileReference; fileEncoding = 4; lastKnownFileType = sourcecode.swift; path = ContactsDetailController.swift; sourceTree = "<group>"; };
		E0477EDA245B518000632AA9 /* ContactsController+SearchHandlers.swift */ = {isa = PBXFileReference; fileEncoding = 4; lastKnownFileType = sourcecode.swift; path = "ContactsController+SearchHandlers.swift"; sourceTree = "<group>"; };
		E0477EDE245B51A500632AA9 /* FalconUsersTableViewCell.swift */ = {isa = PBXFileReference; fileEncoding = 4; lastKnownFileType = sourcecode.swift; path = FalconUsersTableViewCell.swift; sourceTree = "<group>"; };
		E0477EDF245B51A500632AA9 /* ContactsTableViewCell.swift */ = {isa = PBXFileReference; fileEncoding = 4; lastKnownFileType = sourcecode.swift; path = ContactsTableViewCell.swift; sourceTree = "<group>"; };
		E0477EE0245B51A500632AA9 /* CurrentUserTableViewCell.swift */ = {isa = PBXFileReference; fileEncoding = 4; lastKnownFileType = sourcecode.swift; path = CurrentUserTableViewCell.swift; sourceTree = "<group>"; };
		E0477EE2245B51A500632AA9 /* ContactsFetcher.swift */ = {isa = PBXFileReference; fileEncoding = 4; lastKnownFileType = sourcecode.swift; path = ContactsFetcher.swift; sourceTree = "<group>"; };
		E0477EE3245B51A500632AA9 /* FalconUsersFetcher.swift */ = {isa = PBXFileReference; fileEncoding = 4; lastKnownFileType = sourcecode.swift; path = FalconUsersFetcher.swift; sourceTree = "<group>"; };
		E0477EE4245B51A500632AA9 /* ViewPlaceholder.swift */ = {isa = PBXFileReference; fileEncoding = 4; lastKnownFileType = sourcecode.swift; path = ViewPlaceholder.swift; sourceTree = "<group>"; };
		E0477EEC245B545E00632AA9 /* Conversation.swift */ = {isa = PBXFileReference; fileEncoding = 4; lastKnownFileType = sourcecode.swift; path = Conversation.swift; sourceTree = "<group>"; };
		E0477EED245B545E00632AA9 /* Message.swift */ = {isa = PBXFileReference; fileEncoding = 4; lastKnownFileType = sourcecode.swift; path = Message.swift; sourceTree = "<group>"; };
		E0477EEE245B545E00632AA9 /* User.swift */ = {isa = PBXFileReference; fileEncoding = 4; lastKnownFileType = sourcecode.swift; path = User.swift; sourceTree = "<group>"; };
		E0477EEF245B545E00632AA9 /* MediaObject.swift */ = {isa = PBXFileReference; fileEncoding = 4; lastKnownFileType = sourcecode.swift; path = MediaObject.swift; sourceTree = "<group>"; };
		E04E67FB23FFE30B008CB5F4 /* GoogleService-Info.plist */ = {isa = PBXFileReference; lastKnownFileType = text.plist; path = "GoogleService-Info.plist"; sourceTree = SOURCE_ROOT; };
		E095ADEF23FE826B0068A4AA /* GeneralTabBarController.swift */ = {isa = PBXFileReference; lastKnownFileType = sourcecode.swift; path = GeneralTabBarController.swift; sourceTree = "<group>"; };
		E09734792430DE12001D64B5 /* LaunchScreen.storyboard */ = {isa = PBXFileReference; lastKnownFileType = file.storyboard; path = LaunchScreen.storyboard; sourceTree = "<group>"; };
		E097347B2430DE3E001D64B5 /* SplashScreenContainer.swift */ = {isa = PBXFileReference; lastKnownFileType = sourcecode.swift; path = SplashScreenContainer.swift; sourceTree = "<group>"; };
		E09B2CB22449D5830051F39F /* ThemeManager.swift */ = {isa = PBXFileReference; fileEncoding = 4; lastKnownFileType = sourcecode.swift; name = ThemeManager.swift; path = "TDT-project/Support/ThemeManager/ThemeManager.swift"; sourceTree = SOURCE_ROOT; };
		E0A9A6582418E5B300235774 /* AuthPhoneNumberController.swift */ = {isa = PBXFileReference; lastKnownFileType = sourcecode.swift; path = AuthPhoneNumberController.swift; sourceTree = "<group>"; };
		E0A9A65A2418E5CF00235774 /* AuthVerificationController.swift */ = {isa = PBXFileReference; lastKnownFileType = sourcecode.swift; path = AuthVerificationController.swift; sourceTree = "<group>"; };
		E0A9A65F2418E61900235774 /* UserProfileContainerView.swift */ = {isa = PBXFileReference; fileEncoding = 4; lastKnownFileType = sourcecode.swift; path = UserProfileContainerView.swift; sourceTree = "<group>"; };
		E0A9A6602418E61900235774 /* UserProfileDataDatabaseUpdater.swift */ = {isa = PBXFileReference; fileEncoding = 4; lastKnownFileType = sourcecode.swift; path = UserProfileDataDatabaseUpdater.swift; sourceTree = "<group>"; };
		E0A9A6612418E61900235774 /* UserProfileController+keyboardHandlers.swift */ = {isa = PBXFileReference; fileEncoding = 4; lastKnownFileType = sourcecode.swift; path = "UserProfileController+keyboardHandlers.swift"; sourceTree = "<group>"; };
		E0A9A6622418E61900235774 /* UserProfileController.swift */ = {isa = PBXFileReference; fileEncoding = 4; lastKnownFileType = sourcecode.swift; path = UserProfileController.swift; sourceTree = "<group>"; };
		E0A9A6632418E61900235774 /* UserProfileAvatarOpenerDelegate.swift */ = {isa = PBXFileReference; fileEncoding = 4; lastKnownFileType = sourcecode.swift; path = UserProfileAvatarOpenerDelegate.swift; sourceTree = "<group>"; };
		E0A9A6882418ECB800235774 /* UIView+Extensions.swift */ = {isa = PBXFileReference; fileEncoding = 4; lastKnownFileType = sourcecode.swift; path = "UIView+Extensions.swift"; sourceTree = "<group>"; };
		E0A9A6892418ECB800235774 /* AnnouncementShowing.swift */ = {isa = PBXFileReference; fileEncoding = 4; lastKnownFileType = sourcecode.swift; path = AnnouncementShowing.swift; sourceTree = "<group>"; };
		E0A9A68A2418ECB800235774 /* Announcement.swift */ = {isa = PBXFileReference; fileEncoding = 4; lastKnownFileType = sourcecode.swift; path = Announcement.swift; sourceTree = "<group>"; };
		E0A9A68B2418ECB800235774 /* AnnouncementFactory.swift */ = {isa = PBXFileReference; fileEncoding = 4; lastKnownFileType = sourcecode.swift; path = AnnouncementFactory.swift; sourceTree = "<group>"; };
		E0A9A68E2418ECB800235774 /* CameraOverlayView.swift */ = {isa = PBXFileReference; fileEncoding = 4; lastKnownFileType = sourcecode.swift; path = CameraOverlayView.swift; sourceTree = "<group>"; };
		E0A9A68F2418ECB800235774 /* ActionCell.swift */ = {isa = PBXFileReference; fileEncoding = 4; lastKnownFileType = sourcecode.swift; path = ActionCell.swift; sourceTree = "<group>"; };
		E0A9A6902418ECB800235774 /* CameraCell.swift */ = {isa = PBXFileReference; fileEncoding = 4; lastKnownFileType = sourcecode.swift; path = CameraCell.swift; sourceTree = "<group>"; };
		E0A9A6912418ECB800235774 /* ImageCell.swift */ = {isa = PBXFileReference; fileEncoding = 4; lastKnownFileType = sourcecode.swift; path = ImageCell.swift; sourceTree = "<group>"; };
		E0A9A6922418ECB800235774 /* AnimationController.swift */ = {isa = PBXFileReference; fileEncoding = 4; lastKnownFileType = sourcecode.swift; path = AnimationController.swift; sourceTree = "<group>"; };
		E0A9A6932418ECB800235774 /* ImagePickerAction.swift */ = {isa = PBXFileReference; fileEncoding = 4; lastKnownFileType = sourcecode.swift; path = ImagePickerAction.swift; sourceTree = "<group>"; };
		E0A9A6942418ECB800235774 /* ImagePickerTrayController.h */ = {isa = PBXFileReference; fileEncoding = 4; lastKnownFileType = sourcecode.c.h; path = ImagePickerTrayController.h; sourceTree = "<group>"; };
		E0A9A6952418ECB800235774 /* TransitionController.swift */ = {isa = PBXFileReference; fileEncoding = 4; lastKnownFileType = sourcecode.swift; path = TransitionController.swift; sourceTree = "<group>"; };
		E0A9A6972418ECB800235774 /* UIEdgeInsetsExtensions.swift */ = {isa = PBXFileReference; fileEncoding = 4; lastKnownFileType = sourcecode.swift; path = UIEdgeInsetsExtensions.swift; sourceTree = "<group>"; };
		E0A9A6982418ECB800235774 /* UIImageExtensions.swift */ = {isa = PBXFileReference; fileEncoding = 4; lastKnownFileType = sourcecode.swift; path = UIImageExtensions.swift; sourceTree = "<group>"; };
		E0A9A6992418ECB800235774 /* ImagePickerTrayController.swift */ = {isa = PBXFileReference; fileEncoding = 4; lastKnownFileType = sourcecode.swift; path = ImagePickerTrayController.swift; sourceTree = "<group>"; };
		E0A9A69B2418ECB800235774 /* Public.swift */ = {isa = PBXFileReference; fileEncoding = 4; lastKnownFileType = sourcecode.swift; path = Public.swift; sourceTree = "<group>"; };
		E0A9A6A02418ECB800235774 /* EnterVerificationContainerView+timerHandlers.swift */ = {isa = PBXFileReference; fileEncoding = 4; lastKnownFileType = sourcecode.swift; path = "EnterVerificationContainerView+timerHandlers.swift"; sourceTree = "<group>"; };
		E0A9A6A12418ECB800235774 /* EnterVerificationCodeController.swift */ = {isa = PBXFileReference; fileEncoding = 4; lastKnownFileType = sourcecode.swift; path = EnterVerificationCodeController.swift; sourceTree = "<group>"; };
		E0A9A6A22418ECB800235774 /* EnterVerificationContainerView.swift */ = {isa = PBXFileReference; fileEncoding = 4; lastKnownFileType = sourcecode.swift; path = EnterVerificationContainerView.swift; sourceTree = "<group>"; };
		E0A9A6A42418ECB800235774 /* SelectCountryCodeController.swift */ = {isa = PBXFileReference; fileEncoding = 4; lastKnownFileType = sourcecode.swift; path = SelectCountryCodeController.swift; sourceTree = "<group>"; };
		E0A9A6A52418ECB800235774 /* EnterPhoneNumberController.swift */ = {isa = PBXFileReference; fileEncoding = 4; lastKnownFileType = sourcecode.swift; path = EnterPhoneNumberController.swift; sourceTree = "<group>"; };
		E0A9A6A62418ECB800235774 /* EnterPhoneNumberContainerView.swift */ = {isa = PBXFileReference; fileEncoding = 4; lastKnownFileType = sourcecode.swift; path = EnterPhoneNumberContainerView.swift; sourceTree = "<group>"; };
		E0A9A6A82418ECB800235774 /* Country.swift */ = {isa = PBXFileReference; fileEncoding = 4; lastKnownFileType = sourcecode.swift; path = Country.swift; sourceTree = "<group>"; };
		E0A9A6A92418ECB800235774 /* CallingCodes.plist */ = {isa = PBXFileReference; fileEncoding = 4; lastKnownFileType = text.plist.xml; path = CallingCodes.plist; sourceTree = "<group>"; };
		E0A9A6AF2418ECB800235774 /* RevealableCollectionViewCell.swift */ = {isa = PBXFileReference; fileEncoding = 4; lastKnownFileType = sourcecode.swift; path = RevealableCollectionViewCell.swift; sourceTree = "<group>"; };
		E0A9A6B02418ECB800235774 /* RevealableView.swift */ = {isa = PBXFileReference; fileEncoding = 4; lastKnownFileType = sourcecode.swift; path = RevealableView.swift; sourceTree = "<group>"; };
		E0A9A6B12418ECB800235774 /* UICollectionView+Extension.swift */ = {isa = PBXFileReference; fileEncoding = 4; lastKnownFileType = sourcecode.swift; path = "UICollectionView+Extension.swift"; sourceTree = "<group>"; };
		E0A9A6B32418ECB800235774 /* UserDefaultsManager.swift */ = {isa = PBXFileReference; fileEncoding = 4; lastKnownFileType = sourcecode.swift; path = UserDefaultsManager.swift; sourceTree = "<group>"; };
		E0A9A6B72418ECB800235774 /* CenteredCollectionViewFlowLayout.swift */ = {isa = PBXFileReference; fileEncoding = 4; lastKnownFileType = sourcecode.swift; path = CenteredCollectionViewFlowLayout.swift; sourceTree = "<group>"; };
		E0A9A6BB2418ECB800235774 /* AvatarOpener.swift */ = {isa = PBXFileReference; fileEncoding = 4; lastKnownFileType = sourcecode.swift; path = AvatarOpener.swift; sourceTree = "<group>"; };
		E0A9A6BC2418ECB800235774 /* AvatarOpenerOverlay.swift */ = {isa = PBXFileReference; fileEncoding = 4; lastKnownFileType = sourcecode.swift; path = AvatarOpenerOverlay.swift; sourceTree = "<group>"; };
		E0A9A6F72418F41D00235774 /* INSPhotosDataSource.swift */ = {isa = PBXFileReference; fileEncoding = 4; lastKnownFileType = sourcecode.swift; path = INSPhotosDataSource.swift; sourceTree = "<group>"; };
		E0A9A6F82418F41D00235774 /* INSPhotosViewController.swift */ = {isa = PBXFileReference; fileEncoding = 4; lastKnownFileType = sourcecode.swift; path = INSPhotosViewController.swift; sourceTree = "<group>"; };
		E0A9A6F92418F41D00235774 /* INSPhotosTransitionAnimator.swift */ = {isa = PBXFileReference; fileEncoding = 4; lastKnownFileType = sourcecode.swift; path = INSPhotosTransitionAnimator.swift; sourceTree = "<group>"; };
		E0A9A6FA2418F41D00235774 /* INSPhotosInteractionAnimator.swift */ = {isa = PBXFileReference; fileEncoding = 4; lastKnownFileType = sourcecode.swift; path = INSPhotosInteractionAnimator.swift; sourceTree = "<group>"; };
		E0A9A6FB2418F41D00235774 /* INSPhotoGallery.bundle */ = {isa = PBXFileReference; lastKnownFileType = "wrapper.plug-in"; path = INSPhotoGallery.bundle; sourceTree = "<group>"; };
		E0A9A6FC2418F41D00235774 /* INSScalingImageView.swift */ = {isa = PBXFileReference; fileEncoding = 4; lastKnownFileType = sourcecode.swift; path = INSScalingImageView.swift; sourceTree = "<group>"; };
		E0A9A6FD2418F41D00235774 /* INSPhotosOverlayView.swift */ = {isa = PBXFileReference; fileEncoding = 4; lastKnownFileType = sourcecode.swift; path = INSPhotosOverlayView.swift; sourceTree = "<group>"; };
		E0A9A6FE2418F41D00235774 /* INSPhotoViewController.swift */ = {isa = PBXFileReference; fileEncoding = 4; lastKnownFileType = sourcecode.swift; path = INSPhotoViewController.swift; sourceTree = "<group>"; };
		E0A9A6FF2418F41D00235774 /* INSPhoto.swift */ = {isa = PBXFileReference; fileEncoding = 4; lastKnownFileType = sourcecode.swift; path = INSPhoto.swift; sourceTree = "<group>"; };
		E0A9A7002418F41D00235774 /* UIVIew+INSPhotoViewer.swift */ = {isa = PBXFileReference; fileEncoding = 4; lastKnownFileType = sourcecode.swift; path = "UIVIew+INSPhotoViewer.swift"; sourceTree = "<group>"; };
		E0E71A45245826F7004922F6 /* SplashScreenContainer+BiometricalControl.swift */ = {isa = PBXFileReference; lastKnownFileType = sourcecode.swift; path = "SplashScreenContainer+BiometricalControl.swift"; sourceTree = "<group>"; };
		E0E71A5224585755004922F6 /* ContactsController.swift */ = {isa = PBXFileReference; lastKnownFileType = sourcecode.swift; path = ContactsController.swift; sourceTree = "<group>"; };
		E0E71A5624585826004922F6 /* ChatsTableViewController.swift */ = {isa = PBXFileReference; lastKnownFileType = sourcecode.swift; path = ChatsTableViewController.swift; sourceTree = "<group>"; };
		E0E71A5824585887004922F6 /* AccountSettingsController.swift */ = {isa = PBXFileReference; lastKnownFileType = sourcecode.swift; path = AccountSettingsController.swift; sourceTree = "<group>"; };
/* End PBXFileReference section */

/* Begin PBXFrameworksBuildPhase section */
		4B4F45281F32230C00A6FF96 /* Frameworks */ = {
			isa = PBXFrameworksBuildPhase;
			buildActionMask = 2147483647;
			files = (
				2115390D07FE637F79C648DA /* Pods_TDT_project.framework in Frameworks */,
			);
			runOnlyForDeploymentPostprocessing = 0;
		};
/* End PBXFrameworksBuildPhase section */

/* Begin PBXGroup section */
		4B4F45221F32230C00A6FF96 = {
			isa = PBXGroup;
			children = (
				4B4F452D1F32230C00A6FF96 /* TDT-project */,
				4B4F452C1F32230C00A6FF96 /* Products */,
				7E8FA8B62C065E105C730F2E /* Pods */,
				CFD73E72E9C03971DE331AEF /* Frameworks */,
			);
			sourceTree = "<group>";
		};
		4B4F452C1F32230C00A6FF96 /* Products */ = {
			isa = PBXGroup;
			children = (
				4B4F452B1F32230C00A6FF96 /* TDT.app */,
			);
			name = Products;
			sourceTree = "<group>";
		};
		4B4F452D1F32230C00A6FF96 /* TDT-project */ = {
			isa = PBXGroup;
			children = (
				E0477EEB245B545E00632AA9 /* Model */,
				E0E71A50245855F9004922F6 /* SettingsControllers */,
				E0E71A4F245855ED004922F6 /* ContactsControllers */,
				E0E71A4E245855D2004922F6 /* ChatsControllers */,
				E09734782430DDFD001D64B5 /* SplashScreenControllers */,
				E0A9A66A2418ECB800235774 /* Support */,
				E04E67FB23FFE30B008CB5F4 /* GoogleService-Info.plist */,
				4BE9F1DE219B457C00C6768F /* TDT-project.entitlements */,
				4BAEE47221272C4F0045AB10 /* AuthenticationControllers */,
				4B4F452E1F32230C00A6FF96 /* AppDelegate.swift */,
				4B4F45371F32230C00A6FF96 /* Assets.xcassets */,
				4B4F453C1F32230C00A6FF96 /* Info.plist */,
				E095ADEF23FE826B0068A4AA /* GeneralTabBarController.swift */,
			);
			path = "TDT-project";
			sourceTree = "<group>";
		};
		4BAEE47221272C4F0045AB10 /* AuthenticationControllers */ = {
			isa = PBXGroup;
			children = (
				E0A9A65E2418E61900235774 /* UserProfile */,
				E0A9A6572418E59500235774 /* Authentication */,
				4BAEE47C21272C4F0045AB10 /* Onboarding */,
			);
			path = AuthenticationControllers;
			sourceTree = "<group>";
		};
		4BAEE47C21272C4F0045AB10 /* Onboarding */ = {
			isa = PBXGroup;
			children = (
				4BAEE47D21272C4F0045AB10 /* OnboardingController.swift */,
				4BAEE47E21272C4F0045AB10 /* OnboardingContainerView.swift */,
			);
			path = Onboarding;
			sourceTree = "<group>";
		};
		7E8FA8B62C065E105C730F2E /* Pods */ = {
			isa = PBXGroup;
			children = (
				A7E91611BD823692429B49F2 /* Pods-TDT-project.debug.xcconfig */,
				A254D4D6ED95219C8036E043 /* Pods-TDT-project.release.xcconfig */,
			);
			path = Pods;
			sourceTree = "<group>";
		};
		CFD73E72E9C03971DE331AEF /* Frameworks */ = {
			isa = PBXGroup;
			children = (
				809B26A98B43F0D86F89BEF8 /* Pods_TDT_project.framework */,
			);
			name = Frameworks;
			sourceTree = "<group>";
		};
		E0477EDD245B51A500632AA9 /* Cells */ = {
			isa = PBXGroup;
			children = (
				E0477EDE245B51A500632AA9 /* FalconUsersTableViewCell.swift */,
				E0477EDF245B51A500632AA9 /* ContactsTableViewCell.swift */,
				E0477EE0245B51A500632AA9 /* CurrentUserTableViewCell.swift */,
			);
			path = Cells;
			sourceTree = "<group>";
		};
		E0477EE1245B51A500632AA9 /* Support */ = {
			isa = PBXGroup;
			children = (
				E0477EE2245B51A500632AA9 /* ContactsFetcher.swift */,
				E0477EE3245B51A500632AA9 /* FalconUsersFetcher.swift */,
				E0477EE4245B51A500632AA9 /* ViewPlaceholder.swift */,
			);
			path = Support;
			sourceTree = "<group>";
		};
		E0477EEB245B545E00632AA9 /* Model */ = {
			isa = PBXGroup;
			children = (
				E0477EEC245B545E00632AA9 /* Conversation.swift */,
				E0477EED245B545E00632AA9 /* Message.swift */,
				E0477EEE245B545E00632AA9 /* User.swift */,
				E0477EEF245B545E00632AA9 /* MediaObject.swift */,
			);
			path = Model;
			sourceTree = "<group>";
		};
		E09734782430DDFD001D64B5 /* SplashScreenControllers */ = {
			isa = PBXGroup;
			children = (
				E09734792430DE12001D64B5 /* LaunchScreen.storyboard */,
				E097347B2430DE3E001D64B5 /* SplashScreenContainer.swift */,
				E0E71A45245826F7004922F6 /* SplashScreenContainer+BiometricalControl.swift */,
			);
			path = SplashScreenControllers;
			sourceTree = "<group>";
		};
		E097347D2430E503001D64B5 /* ThemeManager */ = {
			isa = PBXGroup;
			children = (
				E09B2CB22449D5830051F39F /* ThemeManager.swift */,
			);
			path = ThemeManager;
			sourceTree = "<unknown>";
		};
		E0A9A6572418E59500235774 /* Authentication */ = {
			isa = PBXGroup;
			children = (
				E0A9A6582418E5B300235774 /* AuthPhoneNumberController.swift */,
				E0A9A65A2418E5CF00235774 /* AuthVerificationController.swift */,
			);
			path = Authentication;
			sourceTree = "<group>";
		};
		E0A9A65E2418E61900235774 /* UserProfile */ = {
			isa = PBXGroup;
			children = (
				E0A9A65F2418E61900235774 /* UserProfileContainerView.swift */,
				E0A9A6602418E61900235774 /* UserProfileDataDatabaseUpdater.swift */,
				E0A9A6612418E61900235774 /* UserProfileController+keyboardHandlers.swift */,
				E0A9A6622418E61900235774 /* UserProfileController.swift */,
				E0A9A6632418E61900235774 /* UserProfileAvatarOpenerDelegate.swift */,
			);
			path = UserProfile;
			sourceTree = "<group>";
		};
		E0A9A66A2418ECB800235774 /* Support */ = {
			isa = PBXGroup;
			children = (
				E097347D2430E503001D64B5 /* ThemeManager */,
				E0A9A6F62418F41D00235774 /* INSPhotoGallery */,
				E0A9A6872418ECB800235774 /* In-AppNotificationBanner */,
				E0A9A68C2418ECB800235774 /* PickerTrayController */,
				E0A9A69A2418ECB800235774 /* Public */,
				E0A9A69E2418ECB800235774 /* PhoneAuth */,
				E0A9A6AE2418ECB800235774 /* RevealableCell */,
				E0A9A6B22418ECB800235774 /* UserDefaultsManager */,
				E0A9A6B62418ECB800235774 /* CenteredCollectionViewFlowLayout */,
				E0A9A6BA2418ECB800235774 /* UserProfilePictureOpener */,
			);
			path = Support;
			sourceTree = "<group>";
		};
		E0A9A6872418ECB800235774 /* In-AppNotificationBanner */ = {
			isa = PBXGroup;
			children = (
				E0A9A6882418ECB800235774 /* UIView+Extensions.swift */,
				E0A9A6892418ECB800235774 /* AnnouncementShowing.swift */,
				E0A9A68A2418ECB800235774 /* Announcement.swift */,
				E0A9A68B2418ECB800235774 /* AnnouncementFactory.swift */,
			);
			path = "In-AppNotificationBanner";
			sourceTree = "<group>";
		};
		E0A9A68C2418ECB800235774 /* PickerTrayController */ = {
			isa = PBXGroup;
			children = (
				E0A9A68D2418ECB800235774 /* Cells */,
				E0A9A6922418ECB800235774 /* AnimationController.swift */,
				E0A9A6932418ECB800235774 /* ImagePickerAction.swift */,
				E0A9A6942418ECB800235774 /* ImagePickerTrayController.h */,
				E0A9A6952418ECB800235774 /* TransitionController.swift */,
				E0A9A6962418ECB800235774 /* Helpers */,
				E0A9A6992418ECB800235774 /* ImagePickerTrayController.swift */,
			);
			path = PickerTrayController;
			sourceTree = "<group>";
		};
		E0A9A68D2418ECB800235774 /* Cells */ = {
			isa = PBXGroup;
			children = (
				E0A9A68E2418ECB800235774 /* CameraOverlayView.swift */,
				E0A9A68F2418ECB800235774 /* ActionCell.swift */,
				E0A9A6902418ECB800235774 /* CameraCell.swift */,
				E0A9A6912418ECB800235774 /* ImageCell.swift */,
			);
			path = Cells;
			sourceTree = "<group>";
		};
		E0A9A6962418ECB800235774 /* Helpers */ = {
			isa = PBXGroup;
			children = (
				E0A9A6972418ECB800235774 /* UIEdgeInsetsExtensions.swift */,
				E0A9A6982418ECB800235774 /* UIImageExtensions.swift */,
			);
			path = Helpers;
			sourceTree = "<group>";
		};
		E0A9A69A2418ECB800235774 /* Public */ = {
			isa = PBXGroup;
			children = (
				E0A9A69B2418ECB800235774 /* Public.swift */,
			);
			path = Public;
			sourceTree = "<group>";
		};
		E0A9A69E2418ECB800235774 /* PhoneAuth */ = {
			isa = PBXGroup;
			children = (
				E0A9A69F2418ECB800235774 /* VerificationControllers */,
				E0A9A6A32418ECB800235774 /* EnterPhoneControllers */,
				E0A9A6A72418ECB800235774 /* Model */,
				E0A9A6A92418ECB800235774 /* CallingCodes.plist */,
			);
			path = PhoneAuth;
			sourceTree = "<group>";
		};
		E0A9A69F2418ECB800235774 /* VerificationControllers */ = {
			isa = PBXGroup;
			children = (
				E0A9A6A02418ECB800235774 /* EnterVerificationContainerView+timerHandlers.swift */,
				E0A9A6A12418ECB800235774 /* EnterVerificationCodeController.swift */,
				E0A9A6A22418ECB800235774 /* EnterVerificationContainerView.swift */,
			);
			path = VerificationControllers;
			sourceTree = "<group>";
		};
		E0A9A6A32418ECB800235774 /* EnterPhoneControllers */ = {
			isa = PBXGroup;
			children = (
				E0A9A6A42418ECB800235774 /* SelectCountryCodeController.swift */,
				E0A9A6A52418ECB800235774 /* EnterPhoneNumberController.swift */,
				E0A9A6A62418ECB800235774 /* EnterPhoneNumberContainerView.swift */,
			);
			path = EnterPhoneControllers;
			sourceTree = "<group>";
		};
		E0A9A6A72418ECB800235774 /* Model */ = {
			isa = PBXGroup;
			children = (
				E0A9A6A82418ECB800235774 /* Country.swift */,
			);
			path = Model;
			sourceTree = "<group>";
		};
		E0A9A6AE2418ECB800235774 /* RevealableCell */ = {
			isa = PBXGroup;
			children = (
				E0A9A6AF2418ECB800235774 /* RevealableCollectionViewCell.swift */,
				E0A9A6B02418ECB800235774 /* RevealableView.swift */,
				E0A9A6B12418ECB800235774 /* UICollectionView+Extension.swift */,
			);
			path = RevealableCell;
			sourceTree = "<group>";
		};
		E0A9A6B22418ECB800235774 /* UserDefaultsManager */ = {
			isa = PBXGroup;
			children = (
				E0A9A6B32418ECB800235774 /* UserDefaultsManager.swift */,
			);
			path = UserDefaultsManager;
			sourceTree = "<group>";
		};
		E0A9A6B62418ECB800235774 /* CenteredCollectionViewFlowLayout */ = {
			isa = PBXGroup;
			children = (
				E0A9A6B72418ECB800235774 /* CenteredCollectionViewFlowLayout.swift */,
			);
			path = CenteredCollectionViewFlowLayout;
			sourceTree = "<group>";
		};
		E0A9A6BA2418ECB800235774 /* UserProfilePictureOpener */ = {
			isa = PBXGroup;
			children = (
				E0A9A6BB2418ECB800235774 /* AvatarOpener.swift */,
				E0A9A6BC2418ECB800235774 /* AvatarOpenerOverlay.swift */,
			);
			path = UserProfilePictureOpener;
			sourceTree = "<group>";
		};
		E0A9A6F62418F41D00235774 /* INSPhotoGallery */ = {
			isa = PBXGroup;
			children = (
				E0A9A6F72418F41D00235774 /* INSPhotosDataSource.swift */,
				E0A9A6F82418F41D00235774 /* INSPhotosViewController.swift */,
				E0A9A6F92418F41D00235774 /* INSPhotosTransitionAnimator.swift */,
				E0A9A6FA2418F41D00235774 /* INSPhotosInteractionAnimator.swift */,
				E0A9A6FB2418F41D00235774 /* INSPhotoGallery.bundle */,
				E0A9A6FC2418F41D00235774 /* INSScalingImageView.swift */,
				E0A9A6FD2418F41D00235774 /* INSPhotosOverlayView.swift */,
				E0A9A6FE2418F41D00235774 /* INSPhotoViewController.swift */,
				E0A9A6FF2418F41D00235774 /* INSPhoto.swift */,
				E0A9A7002418F41D00235774 /* UIVIew+INSPhotoViewer.swift */,
			);
			path = INSPhotoGallery;
			sourceTree = "<group>";
		};
		E0E71A4E245855D2004922F6 /* ChatsControllers */ = {
			isa = PBXGroup;
			children = (
				E0E71A5524585809004922F6 /* Controllers */,
			);
			path = ChatsControllers;
			sourceTree = "<group>";
		};
		E0E71A4F245855ED004922F6 /* ContactsControllers */ = {
			isa = PBXGroup;
			children = (
				E0477EDD245B51A500632AA9 /* Cells */,
				E0477EE1245B51A500632AA9 /* Support */,
				E0E71A54245857DA004922F6 /* Controllers */,
			);
			path = ContactsControllers;
			sourceTree = "<group>";
		};
		E0E71A50245855F9004922F6 /* SettingsControllers */ = {
			isa = PBXGroup;
			children = (
				E0E71A5824585887004922F6 /* AccountSettingsController.swift */,
			);
			path = SettingsControllers;
			sourceTree = "<group>";
		};
		E0E71A54245857DA004922F6 /* Controllers */ = {
			isa = PBXGroup;
			children = (
				E0477EDA245B518000632AA9 /* ContactsController+SearchHandlers.swift */,
				E0477ED9245B517F00632AA9 /* ContactsDetailController.swift */,
				E0E71A5224585755004922F6 /* ContactsController.swift */,
			);
			path = Controllers;
			sourceTree = "<group>";
		};
		E0E71A5524585809004922F6 /* Controllers */ = {
			isa = PBXGroup;
			children = (
				E0E71A5624585826004922F6 /* ChatsTableViewController.swift */,
			);
			path = Controllers;
			sourceTree = "<group>";
		};
/* End PBXGroup section */

/* Begin PBXNativeTarget section */
		4B4F452A1F32230C00A6FF96 /* TDT-project */ = {
			isa = PBXNativeTarget;
			buildConfigurationList = 4B4F453F1F32230C00A6FF96 /* Build configuration list for PBXNativeTarget "TDT-project" */;
			buildPhases = (
				1642BA1D2E6EAC775D64D2C3 /* [CP] Check Pods Manifest.lock */,
				4B4F45271F32230C00A6FF96 /* Sources */,
				4B4F45281F32230C00A6FF96 /* Frameworks */,
				4B4F45291F32230C00A6FF96 /* Resources */,
				4B9AF38E1F3B9B6E00A3934D /* Embed App Extensions */,
				E0A9A70B2418FA5E00235774 /* Find unused code */,
				26217C9049F1892AD0B776E5 /* [CP] Embed Pods Frameworks */,
			);
			buildRules = (
			);
			dependencies = (
			);
			name = "TDT-project";
			productName = "TDT-project";
			productReference = 4B4F452B1F32230C00A6FF96 /* TDT.app */;
			productType = "com.apple.product-type.application";
		};
/* End PBXNativeTarget section */

/* Begin PBXProject section */
		4B4F45231F32230C00A6FF96 /* Project object */ = {
			isa = PBXProject;
			attributes = {
				LastSwiftUpdateCheck = 0830;
				LastUpgradeCheck = 0930;
				ORGANIZATIONNAME = "Danila Zykin";
				TargetAttributes = {
					4B4F452A1F32230C00A6FF96 = {
						CreatedOnToolsVersion = 8.3.3;
						DevelopmentTeam = 934LRL6GBZ;
						LastSwiftMigration = 0900;
						ProvisioningStyle = Automatic;
						SystemCapabilities = {
							com.apple.BackgroundModes = {
								enabled = 1;
							};
							com.apple.Push = {
								enabled = 0;
							};
						};
					};
				};
			};
			buildConfigurationList = 4B4F45261F32230C00A6FF96 /* Build configuration list for PBXProject "TDT-project" */;
			compatibilityVersion = "Xcode 3.2";
			developmentRegion = en;
			hasScannedForEncodings = 0;
			knownRegions = (
				en,
				Base,
			);
			mainGroup = 4B4F45221F32230C00A6FF96;
			productRefGroup = 4B4F452C1F32230C00A6FF96 /* Products */;
			projectDirPath = "";
			projectRoot = "";
			targets = (
				4B4F452A1F32230C00A6FF96 /* TDT-project */,
			);
		};
/* End PBXProject section */

/* Begin PBXResourcesBuildPhase section */
		4B4F45291F32230C00A6FF96 /* Resources */ = {
			isa = PBXResourcesBuildPhase;
			buildActionMask = 2147483647;
			files = (
				E0A9A7052418F41D00235774 /* INSPhotoGallery.bundle in Resources */,
				4B4F45381F32230C00A6FF96 /* Assets.xcassets in Resources */,
				E0A9A6E92418ECB800235774 /* CallingCodes.plist in Resources */,
				E097347A2430DE12001D64B5 /* LaunchScreen.storyboard in Resources */,
				E04E67FC23FFE30B008CB5F4 /* GoogleService-Info.plist in Resources */,
			);
			runOnlyForDeploymentPostprocessing = 0;
		};
/* End PBXResourcesBuildPhase section */

/* Begin PBXShellScriptBuildPhase section */
		1642BA1D2E6EAC775D64D2C3 /* [CP] Check Pods Manifest.lock */ = {
			isa = PBXShellScriptBuildPhase;
			buildActionMask = 2147483647;
			files = (
			);
			inputFileListPaths = (
			);
			inputPaths = (
				"${PODS_PODFILE_DIR_PATH}/Podfile.lock",
				"${PODS_ROOT}/Manifest.lock",
			);
			name = "[CP] Check Pods Manifest.lock";
			outputFileListPaths = (
			);
			outputPaths = (
				"$(DERIVED_FILE_DIR)/Pods-TDT-project-checkManifestLockResult.txt",
			);
			runOnlyForDeploymentPostprocessing = 0;
			shellPath = /bin/sh;
			shellScript = "diff \"${PODS_PODFILE_DIR_PATH}/Podfile.lock\" \"${PODS_ROOT}/Manifest.lock\" > /dev/null\nif [ $? != 0 ] ; then\n    # print error to STDERR\n    echo \"error: The sandbox is not in sync with the Podfile.lock. Run 'pod install' or update your CocoaPods installation.\" >&2\n    exit 1\nfi\n# This output is used by Xcode 'outputs' to avoid re-running this script phase.\necho \"SUCCESS\" > \"${SCRIPT_OUTPUT_FILE_0}\"\n";
			showEnvVarsInLog = 0;
		};
		26217C9049F1892AD0B776E5 /* [CP] Embed Pods Frameworks */ = {
			isa = PBXShellScriptBuildPhase;
			buildActionMask = 2147483647;
			files = (
			);
			inputPaths = (
				"${PODS_ROOT}/Target Support Files/Pods-TDT-project/Pods-TDT-project-frameworks.sh",
				"${BUILT_PRODUCTS_DIR}/ARSLineProgress/ARSLineProgress.framework",
				"${BUILT_PRODUCTS_DIR}/CropViewController/CropViewController.framework",
				"${BUILT_PRODUCTS_DIR}/GTMSessionFetcher/GTMSessionFetcher.framework",
				"${BUILT_PRODUCTS_DIR}/GoogleUtilities/GoogleUtilities.framework",
				"${BUILT_PRODUCTS_DIR}/PhoneNumberKit/PhoneNumberKit.framework",
				"${BUILT_PRODUCTS_DIR}/PromisesObjC/FBLPromises.framework",
				"${BUILT_PRODUCTS_DIR}/SDWebImage/SDWebImage.framework",
				"${BUILT_PRODUCTS_DIR}/leveldb-library/leveldb.framework",
				"${BUILT_PRODUCTS_DIR}/nanopb/nanopb.framework",
			);
			name = "[CP] Embed Pods Frameworks";
			outputPaths = (
				"${TARGET_BUILD_DIR}/${FRAMEWORKS_FOLDER_PATH}/ARSLineProgress.framework",
				"${TARGET_BUILD_DIR}/${FRAMEWORKS_FOLDER_PATH}/CropViewController.framework",
				"${TARGET_BUILD_DIR}/${FRAMEWORKS_FOLDER_PATH}/GTMSessionFetcher.framework",
				"${TARGET_BUILD_DIR}/${FRAMEWORKS_FOLDER_PATH}/GoogleUtilities.framework",
				"${TARGET_BUILD_DIR}/${FRAMEWORKS_FOLDER_PATH}/PhoneNumberKit.framework",
				"${TARGET_BUILD_DIR}/${FRAMEWORKS_FOLDER_PATH}/FBLPromises.framework",
				"${TARGET_BUILD_DIR}/${FRAMEWORKS_FOLDER_PATH}/SDWebImage.framework",
				"${TARGET_BUILD_DIR}/${FRAMEWORKS_FOLDER_PATH}/leveldb.framework",
				"${TARGET_BUILD_DIR}/${FRAMEWORKS_FOLDER_PATH}/nanopb.framework",
			);
			runOnlyForDeploymentPostprocessing = 0;
			shellPath = /bin/sh;
			shellScript = "\"${PODS_ROOT}/Target Support Files/Pods-TDT-project/Pods-TDT-project-frameworks.sh\"\n";
			showEnvVarsInLog = 0;
		};
		E0A9A70B2418FA5E00235774 /* Find unused code */ = {
			isa = PBXShellScriptBuildPhase;
			buildActionMask = 2147483647;
			files = (
			);
			inputFileListPaths = (
			);
			inputPaths = (
			);
			name = "Find unused code";
			outputFileListPaths = (
			);
			outputPaths = (
			);
			runOnlyForDeploymentPostprocessing = 0;
			shellPath = /bin/sh;
			shellScript = "# Type a script or drag a script file from your workspace to insert its path.\nfile=\"unused.rb\"\nif [ -f \"$file\" ]\nthen\necho \"$file found.\"\nruby unused.rb xcode\nelse\necho \"unused.rb doesn't exist\"\nfi\n";
		};
/* End PBXShellScriptBuildPhase section */

/* Begin PBXSourcesBuildPhase section */
		4B4F45271F32230C00A6FF96 /* Sources */ = {
			isa = PBXSourcesBuildPhase;
			buildActionMask = 2147483647;
			files = (
				E0A9A6652418E61900235774 /* UserProfileDataDatabaseUpdater.swift in Sources */,
				E0A9A6E02418ECB800235774 /* Public.swift in Sources */,
				E0477EDC245B518000632AA9 /* ContactsController+SearchHandlers.swift in Sources */,
				E0E71A46245826F7004922F6 /* SplashScreenContainer+BiometricalControl.swift in Sources */,
				E0A9A6D92418ECB800235774 /* ImageCell.swift in Sources */,
				4BAEE48721272C4F0045AB10 /* OnboardingContainerView.swift in Sources */,
				E0A9A6E52418ECB800235774 /* SelectCountryCodeController.swift in Sources */,
				E0A9A6D52418ECB800235774 /* AnnouncementFactory.swift in Sources */,
				E0477EDB245B518000632AA9 /* ContactsDetailController.swift in Sources */,
				E0477EE5245B51A500632AA9 /* FalconUsersTableViewCell.swift in Sources */,
				E0A9A6682418E61900235774 /* UserProfileAvatarOpenerDelegate.swift in Sources */,
				E0477EE9245B51A500632AA9 /* FalconUsersFetcher.swift in Sources */,
				4BAEE48621272C4F0045AB10 /* OnboardingController.swift in Sources */,
				E097347C2430DE3E001D64B5 /* SplashScreenContainer.swift in Sources */,
				E0A9A6DA2418ECB800235774 /* AnimationController.swift in Sources */,
				E0A9A65B2418E5CF00235774 /* AuthVerificationController.swift in Sources */,
				E0E71A5324585755004922F6 /* ContactsController.swift in Sources */,
				E0A9A6672418E61900235774 /* UserProfileController.swift in Sources */,
				E0A9A6E32418ECB800235774 /* EnterVerificationCodeController.swift in Sources */,
				E0477EE6245B51A500632AA9 /* ContactsTableViewCell.swift in Sources */,
				E0A9A7082418F41D00235774 /* INSPhotoViewController.swift in Sources */,
				E0A9A6592418E5B300235774 /* AuthPhoneNumberController.swift in Sources */,
				E0477EF1245B545E00632AA9 /* Message.swift in Sources */,
				E0E71A5724585826004922F6 /* ChatsTableViewController.swift in Sources */,
				E0A9A6662418E61900235774 /* UserProfileController+keyboardHandlers.swift in Sources */,
				E0A9A6DB2418ECB800235774 /* ImagePickerAction.swift in Sources */,
				E0A9A6D42418ECB800235774 /* Announcement.swift in Sources */,
				E09B2CB32449D5830051F39F /* ThemeManager.swift in Sources */,
				E0A9A7022418F41D00235774 /* INSPhotosViewController.swift in Sources */,
				E0477EEA245B51A500632AA9 /* ViewPlaceholder.swift in Sources */,
				E095ADF023FE826C0068A4AA /* GeneralTabBarController.swift in Sources */,
				E0A9A7042418F41D00235774 /* INSPhotosInteractionAnimator.swift in Sources */,
				E0477EF2245B545E00632AA9 /* User.swift in Sources */,
				E0477EE8245B51A500632AA9 /* ContactsFetcher.swift in Sources */,
				E0A9A6F02418ECB800235774 /* UserDefaultsManager.swift in Sources */,
				E0477EE7245B51A500632AA9 /* CurrentUserTableViewCell.swift in Sources */,
				E0477EF3245B545E00632AA9 /* MediaObject.swift in Sources */,
				E0A9A6E62418ECB800235774 /* EnterPhoneNumberController.swift in Sources */,
				E0A9A6ED2418ECB800235774 /* RevealableCollectionViewCell.swift in Sources */,
				E0A9A7032418F41D00235774 /* INSPhotosTransitionAnimator.swift in Sources */,
				E0A9A70A2418F41D00235774 /* UIVIew+INSPhotoViewer.swift in Sources */,
				E0A9A6DF2418ECB800235774 /* ImagePickerTrayController.swift in Sources */,
				E0A9A6F22418ECB800235774 /* CenteredCollectionViewFlowLayout.swift in Sources */,
				E0477EF0245B545E00632AA9 /* Conversation.swift in Sources */,
				E0A9A6EE2418ECB800235774 /* RevealableView.swift in Sources */,
				E0E71A5924585887004922F6 /* AccountSettingsController.swift in Sources */,
				E0A9A6EF2418ECB800235774 /* UICollectionView+Extension.swift in Sources */,
				E0A9A7062418F41D00235774 /* INSScalingImageView.swift in Sources */,
				E0A9A6E82418ECB800235774 /* Country.swift in Sources */,
				E0A9A6D62418ECB800235774 /* CameraOverlayView.swift in Sources */,
				E0A9A7072418F41D00235774 /* INSPhotosOverlayView.swift in Sources */,
				4B4F452F1F32230C00A6FF96 /* AppDelegate.swift in Sources */,
				E0A9A6E42418ECB800235774 /* EnterVerificationContainerView.swift in Sources */,
				E0A9A6E72418ECB800235774 /* EnterPhoneNumberContainerView.swift in Sources */,
				E0A9A6DC2418ECB800235774 /* TransitionController.swift in Sources */,
				E0A9A6DD2418ECB800235774 /* UIEdgeInsetsExtensions.swift in Sources */,
				E0A9A6E22418ECB800235774 /* EnterVerificationContainerView+timerHandlers.swift in Sources */,
				E0A9A6F42418ECB800235774 /* AvatarOpener.swift in Sources */,
				E0A9A6F52418ECB800235774 /* AvatarOpenerOverlay.swift in Sources */,
				E0A9A6DE2418ECB800235774 /* UIImageExtensions.swift in Sources */,
				E0A9A6D22418ECB800235774 /* UIView+Extensions.swift in Sources */,
				E0A9A6D82418ECB800235774 /* CameraCell.swift in Sources */,
				E0A9A6D72418ECB800235774 /* ActionCell.swift in Sources */,
				E0A9A6D32418ECB800235774 /* AnnouncementShowing.swift in Sources */,
				E0A9A7012418F41D00235774 /* INSPhotosDataSource.swift in Sources */,
				E0A9A7092418F41D00235774 /* INSPhoto.swift in Sources */,
				E0A9A6642418E61900235774 /* UserProfileContainerView.swift in Sources */,
			);
			runOnlyForDeploymentPostprocessing = 0;
		};
/* End PBXSourcesBuildPhase section */

/* Begin XCBuildConfiguration section */
		4B4F453D1F32230C00A6FF96 /* Debug */ = {
			isa = XCBuildConfiguration;
			buildSettings = {
				ALWAYS_SEARCH_USER_PATHS = NO;
				CLANG_ANALYZER_NONNULL = YES;
				CLANG_ANALYZER_NUMBER_OBJECT_CONVERSION = YES_AGGRESSIVE;
				CLANG_CXX_LANGUAGE_STANDARD = "gnu++0x";
				CLANG_CXX_LIBRARY = "libc++";
				CLANG_ENABLE_MODULES = YES;
				CLANG_ENABLE_OBJC_ARC = YES;
				CLANG_WARN_BLOCK_CAPTURE_AUTORELEASING = YES;
				CLANG_WARN_BOOL_CONVERSION = YES;
				CLANG_WARN_COMMA = YES;
				CLANG_WARN_CONSTANT_CONVERSION = YES;
				CLANG_WARN_DEPRECATED_OBJC_IMPLEMENTATIONS = YES;
				CLANG_WARN_DIRECT_OBJC_ISA_USAGE = YES_ERROR;
				CLANG_WARN_DOCUMENTATION_COMMENTS = YES;
				CLANG_WARN_EMPTY_BODY = YES;
				CLANG_WARN_ENUM_CONVERSION = YES;
				CLANG_WARN_INFINITE_RECURSION = YES;
				CLANG_WARN_INT_CONVERSION = YES;
				CLANG_WARN_NON_LITERAL_NULL_CONVERSION = YES;
				CLANG_WARN_OBJC_IMPLICIT_RETAIN_SELF = YES;
				CLANG_WARN_OBJC_LITERAL_CONVERSION = YES;
				CLANG_WARN_OBJC_ROOT_CLASS = YES_ERROR;
				CLANG_WARN_RANGE_LOOP_ANALYSIS = YES;
				CLANG_WARN_STRICT_PROTOTYPES = YES;
				CLANG_WARN_SUSPICIOUS_MOVE = YES;
				CLANG_WARN_UNREACHABLE_CODE = YES;
				CLANG_WARN__DUPLICATE_METHOD_MATCH = YES;
				"CODE_SIGN_IDENTITY[sdk=iphoneos*]" = "";
				CODE_SIGN_STYLE = Automatic;
				COPY_PHASE_STRIP = NO;
				DEBUG_INFORMATION_FORMAT = dwarf;
				DEVELOPMENT_TEAM = A3WPJ33XN8;
				ENABLE_STRICT_OBJC_MSGSEND = YES;
				ENABLE_TESTABILITY = YES;
				GCC_C_LANGUAGE_STANDARD = gnu99;
				GCC_DYNAMIC_NO_PIC = NO;
				GCC_NO_COMMON_BLOCKS = YES;
				GCC_OPTIMIZATION_LEVEL = s;
				GCC_PREPROCESSOR_DEFINITIONS = (
					"DEBUG=1",
					"$(inherited)",
				);
				GCC_WARN_64_TO_32_BIT_CONVERSION = YES;
				GCC_WARN_ABOUT_RETURN_TYPE = YES_ERROR;
				GCC_WARN_UNDECLARED_SELECTOR = YES;
				GCC_WARN_UNINITIALIZED_AUTOS = YES_AGGRESSIVE;
				GCC_WARN_UNUSED_FUNCTION = YES;
				GCC_WARN_UNUSED_VARIABLE = YES;
				IPHONEOS_DEPLOYMENT_TARGET = 10.0;
				MTL_ENABLE_DEBUG_INFO = YES;
				ONLY_ACTIVE_ARCH = YES;
				PROVISIONING_PROFILE = "";
				PROVISIONING_PROFILE_SPECIFIER = "";
				SDKROOT = iphoneos;
				SWIFT_ACTIVE_COMPILATION_CONDITIONS = DEBUG;
				SWIFT_OPTIMIZATION_LEVEL = "-Onone";
				SWIFT_VERSION = 4.0;
			};
			name = Debug;
		};
		4B4F453E1F32230C00A6FF96 /* Release */ = {
			isa = XCBuildConfiguration;
			buildSettings = {
				ALWAYS_SEARCH_USER_PATHS = NO;
				CLANG_ANALYZER_NONNULL = YES;
				CLANG_ANALYZER_NUMBER_OBJECT_CONVERSION = YES_AGGRESSIVE;
				CLANG_CXX_LANGUAGE_STANDARD = "gnu++0x";
				CLANG_CXX_LIBRARY = "libc++";
				CLANG_ENABLE_MODULES = YES;
				CLANG_ENABLE_OBJC_ARC = YES;
				CLANG_WARN_BLOCK_CAPTURE_AUTORELEASING = YES;
				CLANG_WARN_BOOL_CONVERSION = YES;
				CLANG_WARN_COMMA = YES;
				CLANG_WARN_CONSTANT_CONVERSION = YES;
				CLANG_WARN_DEPRECATED_OBJC_IMPLEMENTATIONS = YES;
				CLANG_WARN_DIRECT_OBJC_ISA_USAGE = YES_ERROR;
				CLANG_WARN_DOCUMENTATION_COMMENTS = YES;
				CLANG_WARN_EMPTY_BODY = YES;
				CLANG_WARN_ENUM_CONVERSION = YES;
				CLANG_WARN_INFINITE_RECURSION = YES;
				CLANG_WARN_INT_CONVERSION = YES;
				CLANG_WARN_NON_LITERAL_NULL_CONVERSION = YES;
				CLANG_WARN_OBJC_IMPLICIT_RETAIN_SELF = YES;
				CLANG_WARN_OBJC_LITERAL_CONVERSION = YES;
				CLANG_WARN_OBJC_ROOT_CLASS = YES_ERROR;
				CLANG_WARN_RANGE_LOOP_ANALYSIS = YES;
				CLANG_WARN_STRICT_PROTOTYPES = YES;
				CLANG_WARN_SUSPICIOUS_MOVE = YES;
				CLANG_WARN_UNREACHABLE_CODE = YES;
				CLANG_WARN__DUPLICATE_METHOD_MATCH = YES;
				CODE_SIGN_IDENTITY = "";
				"CODE_SIGN_IDENTITY[sdk=iphoneos*]" = "";
				CODE_SIGN_STYLE = Automatic;
				COPY_PHASE_STRIP = NO;
				DEBUG_INFORMATION_FORMAT = "dwarf-with-dsym";
				DEVELOPMENT_TEAM = A3WPJ33XN8;
				ENABLE_NS_ASSERTIONS = NO;
				ENABLE_STRICT_OBJC_MSGSEND = YES;
				GCC_C_LANGUAGE_STANDARD = gnu99;
				GCC_NO_COMMON_BLOCKS = YES;
				GCC_OPTIMIZATION_LEVEL = s;
				GCC_WARN_64_TO_32_BIT_CONVERSION = YES;
				GCC_WARN_ABOUT_RETURN_TYPE = YES_ERROR;
				GCC_WARN_UNDECLARED_SELECTOR = YES;
				GCC_WARN_UNINITIALIZED_AUTOS = YES_AGGRESSIVE;
				GCC_WARN_UNUSED_FUNCTION = YES;
				GCC_WARN_UNUSED_VARIABLE = YES;
				IPHONEOS_DEPLOYMENT_TARGET = 10.0;
				MTL_ENABLE_DEBUG_INFO = NO;
				PROVISIONING_PROFILE = "";
				PROVISIONING_PROFILE_SPECIFIER = "";
				SDKROOT = iphoneos;
				SWIFT_OPTIMIZATION_LEVEL = "-Owholemodule";
				SWIFT_VERSION = 4.0;
				VALIDATE_PRODUCT = YES;
			};
			name = Release;
		};
		4B4F45401F32230C00A6FF96 /* Debug */ = {
			isa = XCBuildConfiguration;
			baseConfigurationReference = A7E91611BD823692429B49F2 /* Pods-TDT-project.debug.xcconfig */;
			buildSettings = {
				ALWAYS_EMBED_SWIFT_STANDARD_LIBRARIES = YES;
				CLANG_ENABLE_MODULES = YES;
				CODE_SIGN_IDENTITY = "iPhone Developer";
				"CODE_SIGN_IDENTITY[sdk=iphoneos*]" = "iPhone Developer";
				CODE_SIGN_STYLE = Automatic;
				CURRENT_PROJECT_VERSION = 1;
				DEVELOPMENT_TEAM = 934LRL6GBZ;
				DYLIB_CURRENT_VERSION = 1;
				GCC_OPTIMIZATION_LEVEL = s;
				GCC_WARN_UNUSED_LABEL = YES;
				GCC_WARN_UNUSED_PARAMETER = YES;
				INFOPLIST_FILE = "TDT-project/Info.plist";
				LD_RUNPATH_SEARCH_PATHS = "$(inherited) @executable_path/Frameworks";
				PRODUCT_BUNDLE_IDENTIFIER = "tdt-project-";
				PRODUCT_NAME = TDT;
				PROVISIONING_PROFILE = "";
				PROVISIONING_PROFILE_SPECIFIER = "";
				SWIFT_OPTIMIZATION_LEVEL = "-Onone";
				SWIFT_SWIFT3_OBJC_INFERENCE = Off;
				SWIFT_VERSION = 5.0;
				TARGETED_DEVICE_FAMILY = 1;
				WARNING_CFLAGS = (
					"-Wall",
					"-Wextra",
					"-Weverything",
				);
			};
			name = Debug;
		};
		4B4F45411F32230C00A6FF96 /* Release */ = {
			isa = XCBuildConfiguration;
			baseConfigurationReference = A254D4D6ED95219C8036E043 /* Pods-TDT-project.release.xcconfig */;
			buildSettings = {
				ALWAYS_EMBED_SWIFT_STANDARD_LIBRARIES = YES;
				CLANG_ENABLE_MODULES = YES;
				CODE_SIGN_IDENTITY = "iPhone Developer";
				"CODE_SIGN_IDENTITY[sdk=iphoneos*]" = "iPhone Developer";
				CODE_SIGN_STYLE = Automatic;
				CURRENT_PROJECT_VERSION = 1;
				DEVELOPMENT_TEAM = 934LRL6GBZ;
				DYLIB_CURRENT_VERSION = 1;
				GCC_OPTIMIZATION_LEVEL = s;
				GCC_WARN_UNUSED_LABEL = YES;
				GCC_WARN_UNUSED_PARAMETER = YES;
				INFOPLIST_FILE = "TDT-project/Info.plist";
				LD_RUNPATH_SEARCH_PATHS = "$(inherited) @executable_path/Frameworks";
				PRODUCT_BUNDLE_IDENTIFIER = "tdt-project-";
				PRODUCT_NAME = TDT;
				PROVISIONING_PROFILE = "";
				PROVISIONING_PROFILE_SPECIFIER = "";
				SWIFT_SWIFT3_OBJC_INFERENCE = Off;
				SWIFT_VERSION = 5.0;
				TARGETED_DEVICE_FAMILY = 1;
				WARNING_CFLAGS = (
					"-Wall",
					"-Wextra",
					"-Weverything",
				);
			};
			name = Release;
		};
/* End XCBuildConfiguration section */

/* Begin XCConfigurationList section */
		4B4F45261F32230C00A6FF96 /* Build configuration list for PBXProject "TDT-project" */ = {
			isa = XCConfigurationList;
			buildConfigurations = (
				4B4F453D1F32230C00A6FF96 /* Debug */,
				4B4F453E1F32230C00A6FF96 /* Release */,
			);
			defaultConfigurationIsVisible = 0;
			defaultConfigurationName = Release;
		};
		4B4F453F1F32230C00A6FF96 /* Build configuration list for PBXNativeTarget "TDT-project" */ = {
			isa = XCConfigurationList;
			buildConfigurations = (
				4B4F45401F32230C00A6FF96 /* Debug */,
				4B4F45411F32230C00A6FF96 /* Release */,
			);
			defaultConfigurationIsVisible = 0;
			defaultConfigurationName = Release;
		};
/* End XCConfigurationList section */
	};
	rootObject = 4B4F45231F32230C00A6FF96 /* Project object */;
}
